
Microsoft Visual Studio Solution File, Format Version 12.00
# Visual Studio Version 17
VisualStudioVersion = 17.7.34031.279
MinimumVisualStudioVersion = 10.0.40219.1
Project("{FAE04EC0-301F-11D3-BF4B-00C04F79EFBC}") = "najprojektik", "najprojektik\najprojektik.csproj", "{46EEF146-84C1-49C3-8620-F52F5033A2EE}"
EndProject
Global
	GlobalSection(SolutionConfigurationPlatforms) = preSolution
		Debug|Any CPU = Debug|Any CPU
		Release|Any CPU = Release|Any CPU
	EndGlobalSection
	GlobalSection(ProjectConfigurationPlatforms) = postSolution
		{46EEF146-84C1-49C3-8620-F52F5033A2EE}.Debug|Any CPU.ActiveCfg = Debug|Any CPU
		{46EEF146-84C1-49C3-8620-F52F5033A2EE}.Debug|Any CPU.Build.0 = Debug|Any CPU
		{46EEF146-84C1-49C3-8620-F52F5033A2EE}.Release|Any CPU.ActiveCfg = Release|Any CPU
		{46EEF146-84C1-49C3-8620-F52F5033A2EE}.Release|Any CPU.Build.0 = Release|Any CPU
	EndGlobalSection
	GlobalSection(SolutionProperties) = preSolution
		HideSolutionNode = FALSE
	EndGlobalSection
	GlobalSection(ExtensibilityGlobals) = postSolution
		SolutionGuid = {A382C5FD-6DCA-486D-A76D-72583ED328B6}
	EndGlobalSection
EndGlobal
